// !$*UTF8*$!
{
	archiveVersion = 1;
	classes = {
	};
	objectVersion = 46;
	objects = {

/* Begin PBXBuildFile section */
		1546C77B1B2B1ACB00A904FB /* main.m in Sources */ = {isa = PBXBuildFile; fileRef = 1546C77A1B2B1ACB00A904FB /* main.m */; };
		1546C77E1B2B1ACB00A904FB /* AppDelegate.m in Sources */ = {isa = PBXBuildFile; fileRef = 1546C77D1B2B1ACB00A904FB /* AppDelegate.m */; };
		1546C7811B2B1ACB00A904FB /* ViewController.m in Sources */ = {isa = PBXBuildFile; fileRef = 1546C7801B2B1ACB00A904FB /* ViewController.m */; };
		1546C7841B2B1ACB00A904FB /* Main.storyboard in Resources */ = {isa = PBXBuildFile; fileRef = 1546C7821B2B1ACB00A904FB /* Main.storyboard */; };
		1546C7861B2B1ACB00A904FB /* Images.xcassets in Resources */ = {isa = PBXBuildFile; fileRef = 1546C7851B2B1ACB00A904FB /* Images.xcassets */; };
		1546C7891B2B1ACB00A904FB /* LaunchScreen.xib in Resources */ = {isa = PBXBuildFile; fileRef = 1546C7871B2B1ACB00A904FB /* LaunchScreen.xib */; };
		1546C7951B2B1ACB00A904FB /* git__Tests.m in Sources */ = {isa = PBXBuildFile; fileRef = 1546C7941B2B1ACB00A904FB /* git__Tests.m */; };
/* End PBXBuildFile section */

/* Begin PBXContainerItemProxy section */
		1546C78F1B2B1ACB00A904FB /* PBXContainerItemProxy */ = {
			isa = PBXContainerItemProxy;
			containerPortal = 1546C76D1B2B1ACB00A904FB /* Project object */;
			proxyType = 1;
			remoteGlobalIDString = 1546C7741B2B1ACB00A904FB;
			remoteInfo = "git使用";
		};
/* End PBXContainerItemProxy section */

/* Begin PBXFileReference section */
		1546C7751B2B1ACB00A904FB /* git使用.app */ = {isa = PBXFileReference; explicitFileType = wrapper.application; includeInIndex = 0; path = "git使用.app"; sourceTree = BUILT_PRODUCTS_DIR; };
		1546C7791B2B1ACB00A904FB /* Info.plist */ = {isa = PBXFileReference; lastKnownFileType = text.plist.xml; path = Info.plist; sourceTree = "<group>"; };
		1546C77A1B2B1ACB00A904FB /* main.m */ = {isa = PBXFileReference; lastKnownFileType = sourcecode.c.objc; path = main.m; sourceTree = "<group>"; };
		1546C77C1B2B1ACB00A904FB /* AppDelegate.h */ = {isa = PBXFileReference; lastKnownFileType = sourcecode.c.h; path = AppDelegate.h; sourceTree = "<group>"; };
		1546C77D1B2B1ACB00A904FB /* AppDelegate.m */ = {isa = PBXFileReference; lastKnownFileType = sourcecode.c.objc; path = AppDelegate.m; sourceTree = "<group>"; };
		1546C77F1B2B1ACB00A904FB /* ViewController.h */ = {isa = PBXFileReference; lastKnownFileType = sourcecode.c.h; path = ViewController.h; sourceTree = "<group>"; };
		1546C7801B2B1ACB00A904FB /* ViewController.m */ = {isa = PBXFileReference; lastKnownFileType = sourcecode.c.objc; path = ViewController.m; sourceTree = "<group>"; };
		1546C7831B2B1ACB00A904FB /* Base */ = {isa = PBXFileReference; lastKnownFileType = file.storyboard; name = Base; path = Base.lproj/Main.storyboard; sourceTree = "<group>"; };
		1546C7851B2B1ACB00A904FB /* Images.xcassets */ = {isa = PBXFileReference; lastKnownFileType = folder.assetcatalog; path = Images.xcassets; sourceTree = "<group>"; };
		1546C7881B2B1ACB00A904FB /* Base */ = {isa = PBXFileReference; lastKnownFileType = file.xib; name = Base; path = Base.lproj/LaunchScreen.xib; sourceTree = "<group>"; };
		1546C78E1B2B1ACB00A904FB /* git使用Tests.xctest */ = {isa = PBXFileReference; explicitFileType = wrapper.cfbundle; includeInIndex = 0; path = "git使用Tests.xctest"; sourceTree = BUILT_PRODUCTS_DIR; };
		1546C7931B2B1ACB00A904FB /* Info.plist */ = {isa = PBXFileReference; lastKnownFileType = text.plist.xml; path = Info.plist; sourceTree = "<group>"; };
		1546C7941B2B1ACB00A904FB /* git__Tests.m */ = {isa = PBXFileReference; lastKnownFileType = sourcecode.c.objc; path = git__Tests.m; sourceTree = "<group>"; };
/* End PBXFileReference section */

/* Begin PBXFrameworksBuildPhase section */
		1546C7721B2B1ACB00A904FB /* Frameworks */ = {
			isa = PBXFrameworksBuildPhase;
			buildActionMask = 2147483647;
			files = (
			);
			runOnlyForDeploymentPostprocessing = 0;
		};
		1546C78B1B2B1ACB00A904FB /* Frameworks */ = {
			isa = PBXFrameworksBuildPhase;
			buildActionMask = 2147483647;
			files = (
			);
			runOnlyForDeploymentPostprocessing = 0;
		};
/* End PBXFrameworksBuildPhase section */

/* Begin PBXGroup section */
		1546C76C1B2B1ACB00A904FB = {
			isa = PBXGroup;
			children = (
				1546C7771B2B1ACB00A904FB /* git使用 */,
				1546C7911B2B1ACB00A904FB /* git使用Tests */,
				1546C7761B2B1ACB00A904FB /* Products */,
			);
			sourceTree = "<group>";
		};
		1546C7761B2B1ACB00A904FB /* Products */ = {
			isa = PBXGroup;
			children = (
				1546C7751B2B1ACB00A904FB /* git使用.app */,
				1546C78E1B2B1ACB00A904FB /* git使用Tests.xctest */,
			);
			name = Products;
			sourceTree = "<group>";
		};
		1546C7771B2B1ACB00A904FB /* git使用 */ = {
			isa = PBXGroup;
			children = (
				1546C77C1B2B1ACB00A904FB /* AppDelegate.h */,
				1546C77D1B2B1ACB00A904FB /* AppDelegate.m */,
				1546C77F1B2B1ACB00A904FB /* ViewController.h */,
				1546C7801B2B1ACB00A904FB /* ViewController.m */,
				1546C7821B2B1ACB00A904FB /* Main.storyboard */,
				1546C7851B2B1ACB00A904FB /* Images.xcassets */,
				1546C7871B2B1ACB00A904FB /* LaunchScreen.xib */,
				1546C7781B2B1ACB00A904FB /* Supporting Files */,
			);
			path = "git使用";
			sourceTree = "<group>";
		};
		1546C7781B2B1ACB00A904FB /* Supporting Files */ = {
			isa = PBXGroup;
			children = (
				1546C7791B2B1ACB00A904FB /* Info.plist */,
				1546C77A1B2B1ACB00A904FB /* main.m */,
			);
			name = "Supporting Files";
			sourceTree = "<group>";
		};
		1546C7911B2B1ACB00A904FB /* git使用Tests */ = {
			isa = PBXGroup;
			children = (
				1546C7941B2B1ACB00A904FB /* git__Tests.m */,
				1546C7921B2B1ACB00A904FB /* Supporting Files */,
			);
			path = "git使用Tests";
			sourceTree = "<group>";
		};
		1546C7921B2B1ACB00A904FB /* Supporting Files */ = {
			isa = PBXGroup;
			children = (
				1546C7931B2B1ACB00A904FB /* Info.plist */,
			);
			name = "Supporting Files";
			sourceTree = "<group>";
		};
/* End PBXGroup section */

/* Begin PBXNativeTarget section */
		1546C7741B2B1ACB00A904FB /* git使用 */ = {
			isa = PBXNativeTarget;
			buildConfigurationList = 1546C7981B2B1ACB00A904FB /* Build configuration list for PBXNativeTarget "git使用" */;
			buildPhases = (
				1546C7711B2B1ACB00A904FB /* Sources */,
				1546C7721B2B1ACB00A904FB /* Frameworks */,
				1546C7731B2B1ACB00A904FB /* Resources */,
			);
			buildRules = (
			);
			dependencies = (
			);
			name = "git使用";
			productName = "git使用";
			productReference = 1546C7751B2B1ACB00A904FB /* git使用.app */;
			productType = "com.apple.product-type.application";
		};
		1546C78D1B2B1ACB00A904FB /* git使用Tests */ = {
			isa = PBXNativeTarget;
			buildConfigurationList = 1546C79B1B2B1ACB00A904FB /* Build configuration list for PBXNativeTarget "git使用Tests" */;
			buildPhases = (
				1546C78A1B2B1ACB00A904FB /* Sources */,
				1546C78B1B2B1ACB00A904FB /* Frameworks */,
				1546C78C1B2B1ACB00A904FB /* Resources */,
			);
			buildRules = (
			);
			dependencies = (
				1546C7901B2B1ACB00A904FB /* PBXTargetDependency */,
			);
			name = "git使用Tests";
			productName = "git使用Tests";
			productReference = 1546C78E1B2B1ACB00A904FB /* git使用Tests.xctest */;
			productType = "com.apple.product-type.bundle.unit-test";
		};
/* End PBXNativeTarget section */

/* Begin PBXProject section */
		1546C76D1B2B1ACB00A904FB /* Project object */ = {
			isa = PBXProject;
			attributes = {
				LastUpgradeCheck = 0630;
				ORGANIZATIONNAME = pro;
				TargetAttributes = {
					1546C7741B2B1ACB00A904FB = {
						CreatedOnToolsVersion = 6.3;
					};
					1546C78D1B2B1ACB00A904FB = {
						CreatedOnToolsVersion = 6.3;
						TestTargetID = 1546C7741B2B1ACB00A904FB;
					};
				};
			};
			buildConfigurationList = 1546C7701B2B1ACB00A904FB /* Build configuration list for PBXProject "git使用" */;
			compatibilityVersion = "Xcode 3.2";
			developmentRegion = English;
			hasScannedForEncodings = 0;
			knownRegions = (
				en,
				Base,
			);
			mainGroup = 1546C76C1B2B1ACB00A904FB;
			productRefGroup = 1546C7761B2B1ACB00A904FB /* Products */;
			projectDirPath = "";
			projectRoot = "";
			targets = (
				1546C7741B2B1ACB00A904FB /* git使用 */,
				1546C78D1B2B1ACB00A904FB /* git使用Tests */,
			);
		};
/* End PBXProject section */

/* Begin PBXResourcesBuildPhase section */
		1546C7731B2B1ACB00A904FB /* Resources */ = {
			isa = PBXResourcesBuildPhase;
			buildActionMask = 2147483647;
			files = (
				1546C7841B2B1ACB00A904FB /* Main.storyboard in Resources */,
				1546C7891B2B1ACB00A904FB /* LaunchScreen.xib in Resources */,
				1546C7861B2B1ACB00A904FB /* Images.xcassets in Resources */,
			);
			runOnlyForDeploymentPostprocessing = 0;
		};
		1546C78C1B2B1ACB00A904FB /* Resources */ = {
			isa = PBXResourcesBuildPhase;
			buildActionMask = 2147483647;
			files = (
			);
			runOnlyForDeploymentPostprocessing = 0;
		};
/* End PBXResourcesBuildPhase section */

/* Begin PBXSourcesBuildPhase section */
		1546C7711B2B1ACB00A904FB /* Sources */ = {
			isa = PBXSourcesBuildPhase;
			buildActionMask = 2147483647;
			files = (
				1546C7811B2B1ACB00A904FB /* ViewController.m in Sources */,
				1546C77E1B2B1ACB00A904FB /* AppDelegate.m in Sources */,
				1546C77B1B2B1ACB00A904FB /* main.m in Sources */,
			);
			runOnlyForDeploymentPostprocessing = 0;
		};
		1546C78A1B2B1ACB00A904FB /* Sources */ = {
			isa = PBXSourcesBuildPhase;
			buildActionMask = 2147483647;
			files = (
				1546C7951B2B1ACB00A904FB /* git__Tests.m in Sources */,
			);
			runOnlyForDeploymentPostprocessing = 0;
		};
/* End PBXSourcesBuildPhase section */

/* Begin PBXTargetDependency section */
		1546C7901B2B1ACB00A904FB /* PBXTargetDependency */ = {
			isa = PBXTargetDependency;
			target = 1546C7741B2B1ACB00A904FB /* git使用 */;
			targetProxy = 1546C78F1B2B1ACB00A904FB /* PBXContainerItemProxy */;
		};
/* End PBXTargetDependency section */

/* Begin PBXVariantGroup section */
		1546C7821B2B1ACB00A904FB /* Main.storyboard */ = {
			isa = PBXVariantGroup;
			children = (
				1546C7831B2B1ACB00A904FB /* Base */,
			);
			name = Main.storyboard;
			sourceTree = "<group>";
		};
		1546C7871B2B1ACB00A904FB /* LaunchScreen.xib */ = {
			isa = PBXVariantGroup;
			children = (
				1546C7881B2B1ACB00A904FB /* Base */,
			);
			name = LaunchScreen.xib;
			sourceTree = "<group>";
		};
/* End PBXVariantGroup section */

/* Begin XCBuildConfiguration section */
		1546C7961B2B1ACB00A904FB /* Debug */ = {
			isa = XCBuildConfiguration;
			buildSettings = {
				ALWAYS_SEARCH_USER_PATHS = NO;
				CLANG_CXX_LANGUAGE_STANDARD = "gnu++0x";
				CLANG_CXX_LIBRARY = "libc++";
				CLANG_ENABLE_MODULES = YES;
				CLANG_ENABLE_OBJC_ARC = YES;
				CLANG_WARN_BOOL_CONVERSION = YES;
				CLANG_WARN_CONSTANT_CONVERSION = YES;
				CLANG_WARN_DIRECT_OBJC_ISA_USAGE = YES_ERROR;
				CLANG_WARN_EMPTY_BODY = YES;
				CLANG_WARN_ENUM_CONVERSION = YES;
				CLANG_WARN_INT_CONVERSION = YES;
				CLANG_WARN_OBJC_ROOT_CLASS = YES_ERROR;
				CLANG_WARN_UNREACHABLE_CODE = YES;
				CLANG_WARN__DUPLICATE_METHOD_MATCH = YES;
				"CODE_SIGN_IDENTITY[sdk=iphoneos*]" = "iPhone Developer";
				COPY_PHASE_STRIP = NO;
				DEBUG_INFORMATION_FORMAT = "dwarf-with-dsym";
				ENABLE_STRICT_OBJC_MSGSEND = YES;
				GCC_C_LANGUAGE_STANDARD = gnu99;
				GCC_DYNAMIC_NO_PIC = NO;
				GCC_NO_COMMON_BLOCKS = YES;
				GCC_OPTIMIZATION_LEVEL = 0;
				GCC_PREPROCESSOR_DEFINITIONS = (
					"DEBUG=1",
					"$(inherited)",
				);
				GCC_SYMBOLS_PRIVATE_EXTERN = NO;
				GCC_WARN_64_TO_32_BIT_CONVERSION = YES;
				GCC_WARN_ABOUT_RETURN_TYPE = YES_ERROR;
				GCC_WARN_UNDECLARED_SELECTOR = YES;
				GCC_WARN_UNINITIALIZED_AUTOS = YES_AGGRESSIVE;
				GCC_WARN_UNUSED_FUNCTION = YES;
				GCC_WARN_UNUSED_VARIABLE = YES;
				IPHONEOS_DEPLOYMENT_TARGET = 8.3;
				MTL_ENABLE_DEBUG_INFO = YES;
				ONLY_ACTIVE_ARCH = YES;
				SDKROOT = iphoneos;
				TARGETED_DEVICE_FAMILY = "1,2";
			};
			name = Debug;
		};
		1546C7971B2B1ACB00A904FB /* Release */ = {
			isa = XCBuildConfiguration;
			buildSettings = {
				ALWAYS_SEARCH_USER_PATHS = NO;
				CLANG_CXX_LANGUAGE_STANDARD = "gnu++0x";
				CLANG_CXX_LIBRARY = "libc++";
				CLANG_ENABLE_MODULES = YES;
				CLANG_ENABLE_OBJC_ARC = YES;
				CLANG_WARN_BOOL_CONVERSION = YES;
				CLANG_WARN_CONSTANT_CONVERSION = YES;
				CLANG_WARN_DIRECT_OBJC_ISA_USAGE = YES_ERROR;
				CLANG_WARN_EMPTY_BODY = YES;
				CLANG_WARN_ENUM_CONVERSION = YES;
				CLANG_WARN_INT_CONVERSION = YES;
				CLANG_WARN_OBJC_ROOT_CLASS = YES_ERROR;
				CLANG_WARN_UNREACHABLE_CODE = YES;
				CLANG_WARN__DUPLICATE_METHOD_MATCH = YES;
				"CODE_SIGN_IDENTITY[sdk=iphoneos*]" = "iPhone Developer";
				COPY_PHASE_STRIP = NO;
				DEBUG_INFORMATION_FORMAT = "dwarf-with-dsym";
				ENABLE_NS_ASSERTIONS = NO;
				ENABLE_STRICT_OBJC_MSGSEND = YES;
				GCC_C_LANGUAGE_STANDARD = gnu99;
				GCC_NO_COMMON_BLOCKS = YES;
				GCC_WARN_64_TO_32_BIT_CONVERSION = YES;
				GCC_WARN_ABOUT_RETURN_TYPE = YES_ERROR;
				GCC_WARN_UNDECLARED_SELECTOR = YES;
				GCC_WARN_UNINITIALIZED_AUTOS = YES_AGGRESSIVE;
				GCC_WARN_UNUSED_FUNCTION = YES;
				GCC_WARN_UNUSED_VARIABLE = YES;
				IPHONEOS_DEPLOYMENT_TARGET = 8.3;
				MTL_ENABLE_DEBUG_INFO = NO;
				SDKROOT = iphoneos;
				TARGETED_DEVICE_FAMILY = "1,2";
				VALIDATE_PRODUCT = YES;
			};
			name = Release;
		};
		1546C7991B2B1ACB00A904FB /* Debug */ = {
			isa = XCBuildConfiguration;
			buildSettings = {
				ASSETCATALOG_COMPILER_APPICON_NAME = AppIcon;
				INFOPLIST_FILE = "git使用/Info.plist";
				LD_RUNPATH_SEARCH_PATHS = "$(inherited) @executable_path/Frameworks";
				PRODUCT_NAME = "$(TARGET_NAME)";
			};
			name = Debug;
		};
		1546C79A1B2B1ACB00A904FB /* Release */ = {
			isa = XCBuildConfiguration;
			buildSettings = {
				ASSETCATALOG_COMPILER_APPICON_NAME = AppIcon;
				INFOPLIST_FILE = "git使用/Info.plist";
				LD_RUNPATH_SEARCH_PATHS = "$(inherited) @executable_path/Frameworks";
				PRODUCT_NAME = "$(TARGET_NAME)";
			};
			name = Release;
		};
		1546C79C1B2B1ACB00A904FB /* Debug */ = {
			isa = XCBuildConfiguration;
			buildSettings = {
				BUNDLE_LOADER = "$(TEST_HOST)";
				FRAMEWORK_SEARCH_PATHS = (
					"$(SDKROOT)/Developer/Library/Frameworks",
					"$(inherited)",
				);
				GCC_PREPROCESSOR_DEFINITIONS = (
					"DEBUG=1",
					"$(inherited)",
				);
				INFOPLIST_FILE = "git使用Tests/Info.plist";
				LD_RUNPATH_SEARCH_PATHS = "$(inherited) @executable_path/Frameworks @loader_path/Frameworks";
				PRODUCT_NAME = "$(TARGET_NAME)";
				TEST_HOST = "$(BUILT_PRODUCTS_DIR)/git使用.app/git使用";
			};
			name = Debug;
		};
		1546C79D1B2B1ACB00A904FB /* Release */ = {
			isa = XCBuildConfiguration;
			buildSettings = {
				BUNDLE_LOADER = "$(TEST_HOST)";
				FRAMEWORK_SEARCH_PATHS = (
					"$(SDKROOT)/Developer/Library/Frameworks",
					"$(inherited)",
				);
				INFOPLIST_FILE = "git使用Tests/Info.plist";
				LD_RUNPATH_SEARCH_PATHS = "$(inherited) @executable_path/Frameworks @loader_path/Frameworks";
				PRODUCT_NAME = "$(TARGET_NAME)";
				TEST_HOST = "$(BUILT_PRODUCTS_DIR)/git使用.app/git使用";
			};
			name = Release;
		};
/* End XCBuildConfiguration section */

/* Begin XCConfigurationList section */
		1546C7701B2B1ACB00A904FB /* Build configuration list for PBXProject "git使用" */ = {
			isa = XCConfigurationList;
			buildConfigurations = (
				1546C7961B2B1ACB00A904FB /* Debug */,
				1546C7971B2B1ACB00A904FB /* Release */,
			);
			defaultConfigurationIsVisible = 0;
			defaultConfigurationName = Release;
		};
		1546C7981B2B1ACB00A904FB /* Build configuration list for PBXNativeTarget "git使用" */ = {
			isa = XCConfigurationList;
			buildConfigurations = (
				1546C7991B2B1ACB00A904FB /* Debug */,
				1546C79A1B2B1ACB00A904FB /* Release */,
			);
			defaultConfigurationIsVisible = 0;
		};
		1546C79B1B2B1ACB00A904FB /* Build configuration list for PBXNativeTarget "git使用Tests" */ = {
			isa = XCConfigurationList;
			buildConfigurations = (
				1546C79C1B2B1ACB00A904FB /* Debug */,
				1546C79D1B2B1ACB00A904FB /* Release */,
			);
			defaultConfigurationIsVisible = 0;
		};
/* End XCConfigurationList section */
	};
	rootObject = 1546C76D1B2B1ACB00A904FB /* Project object */;
}
